
Microsoft Visual Studio Solution File, Format Version 12.00
# Visual Studio Version 17
VisualStudioVersion = 17.14.36408.4 d17.14
MinimumVisualStudioVersion = 10.0.40219.1
Project("{FAE04EC0-301F-11D3-BF4B-00C04F79EFBC}") = "RagApi", "RagApi\RagApi.csproj", "{1CF60246-D330-4120-B301-BE2CDA977487}"
EndProject
Global
	GlobalSection(SolutionConfigurationPlatforms) = preSolution
		Debug|Any CPU = Debug|Any CPU
		Release|Any CPU = Release|Any CPU
	EndGlobalSection
	GlobalSection(ProjectConfigurationPlatforms) = postSolution
		{1CF60246-D330-4120-B301-BE2CDA977487}.Debug|Any CPU.ActiveCfg = Debug|Any CPU
		{1CF60246-D330-4120-B301-BE2CDA977487}.Debug|Any CPU.Build.0 = Debug|Any CPU
		{1CF60246-D330-4120-B301-BE2CDA977487}.Release|Any CPU.ActiveCfg = Release|Any CPU
		{1CF60246-D330-4120-B301-BE2CDA977487}.Release|Any CPU.Build.0 = Release|Any CPU
	EndGlobalSection
	GlobalSection(SolutionProperties) = preSolution
		HideSolutionNode = FALSE
	EndGlobalSection
	GlobalSection(ExtensibilityGlobals) = postSolution
		SolutionGuid = {4AF3B7BD-4E0D-4FD4-B6C9-B0A90028A0BE}
	EndGlobalSection
EndGlobal
